
Microsoft Visual Studio Solution File, Format Version 12.00
# Visual Studio Version 16
VisualStudioVersion = 25.0.1703.4
MinimumVisualStudioVersion = 10.0.40219.1
Project("{FAE04EC0-301F-11D3-BF4B-00C04F79EFBC}") = "CryptoCrash", "CryptoCrash\CryptoCrash.csproj", "{1936AFE1-49A3-43D3-91EB-78BAFAF99BC6}"
EndProject
Project("{FAE04EC0-301F-11D3-BF4B-00C04F79EFBC}") = "CryptoCrashTest", "CryptoCrashTest\CryptoCrashTest.csproj", "{81361680-27A6-4FB9-AA63-553E786626D4}"
EndProject
Project("{FAE04EC0-301F-11D3-BF4B-00C04F79EFBC}") = "CryptoCrashLogic", "CryptoCrashLogic\CryptoCrashLogic.csproj", "{D02CE4E7-E8A9-4D40-A572-D985F85A8CC0}"
EndProject
Global
	GlobalSection(SolutionConfigurationPlatforms) = preSolution
		Debug|Any CPU = Debug|Any CPU
		Release|Any CPU = Release|Any CPU
	EndGlobalSection
	GlobalSection(ProjectConfigurationPlatforms) = postSolution
		{1936AFE1-49A3-43D3-91EB-78BAFAF99BC6}.Debug|Any CPU.ActiveCfg = Debug|Any CPU
		{1936AFE1-49A3-43D3-91EB-78BAFAF99BC6}.Debug|Any CPU.Build.0 = Debug|Any CPU
		{1936AFE1-49A3-43D3-91EB-78BAFAF99BC6}.Release|Any CPU.ActiveCfg = Release|Any CPU
		{1936AFE1-49A3-43D3-91EB-78BAFAF99BC6}.Release|Any CPU.Build.0 = Release|Any CPU
		{81361680-27A6-4FB9-AA63-553E786626D4}.Debug|Any CPU.ActiveCfg = Debug|Any CPU
		{81361680-27A6-4FB9-AA63-553E786626D4}.Debug|Any CPU.Build.0 = Debug|Any CPU
		{81361680-27A6-4FB9-AA63-553E786626D4}.Release|Any CPU.ActiveCfg = Release|Any CPU
		{81361680-27A6-4FB9-AA63-553E786626D4}.Release|Any CPU.Build.0 = Release|Any CPU
		{D02CE4E7-E8A9-4D40-A572-D985F85A8CC0}.Debug|Any CPU.ActiveCfg = Debug|Any CPU
		{D02CE4E7-E8A9-4D40-A572-D985F85A8CC0}.Debug|Any CPU.Build.0 = Debug|Any CPU
		{D02CE4E7-E8A9-4D40-A572-D985F85A8CC0}.Release|Any CPU.ActiveCfg = Release|Any CPU
		{D02CE4E7-E8A9-4D40-A572-D985F85A8CC0}.Release|Any CPU.Build.0 = Release|Any CPU
	EndGlobalSection
	GlobalSection(SolutionProperties) = preSolution
		HideSolutionNode = FALSE
	EndGlobalSection
	GlobalSection(ExtensibilityGlobals) = postSolution
		SolutionGuid = {CDF0C8F6-B984-41E0-8CD5-97A3D2610F72}
	EndGlobalSection
EndGlobal
